
Microsoft Visual Studio Solution File, Format Version 12.00
# Visual Studio Version 17
VisualStudioVersion = 17.12.35506.116 d17.12
MinimumVisualStudioVersion = 10.0.40219.1
Project("{FAE04EC0-301F-11D3-BF4B-00C04F79EFBC}") = "PoupaPig.Dominio", "PoupaPig.Dominio\PoupaPig.Dominio.csproj", "{613A9850-29E6-4D34-BEB2-02E8E2D7C923}"
EndProject
Project("{FAE04EC0-301F-11D3-BF4B-00C04F79EFBC}") = "PoupaPig.Infra", "PoupaPig.Infra\PoupaPig.Infra.csproj", "{26EA2F54-601F-4082-B4EB-3A2842BC5BF2}"
EndProject
Project("{FAE04EC0-301F-11D3-BF4B-00C04F79EFBC}") = "PoupaPig.Web", "PoupaPig.Web\PoupaPig.Web.csproj", "{0BC61FE9-D24F-47AB-A5EF-41C819A8E257}"
EndProject
Global
	GlobalSection(SolutionConfigurationPlatforms) = preSolution
		Debug|Any CPU = Debug|Any CPU
		Release|Any CPU = Release|Any CPU
	EndGlobalSection
	GlobalSection(ProjectConfigurationPlatforms) = postSolution
		{613A9850-29E6-4D34-BEB2-02E8E2D7C923}.Debug|Any CPU.ActiveCfg = Debug|Any CPU
		{613A9850-29E6-4D34-BEB2-02E8E2D7C923}.Debug|Any CPU.Build.0 = Debug|Any CPU
		{613A9850-29E6-4D34-BEB2-02E8E2D7C923}.Release|Any CPU.ActiveCfg = Release|Any CPU
		{613A9850-29E6-4D34-BEB2-02E8E2D7C923}.Release|Any CPU.Build.0 = Release|Any CPU
		{26EA2F54-601F-4082-B4EB-3A2842BC5BF2}.Debug|Any CPU.ActiveCfg = Debug|Any CPU
		{26EA2F54-601F-4082-B4EB-3A2842BC5BF2}.Debug|Any CPU.Build.0 = Debug|Any CPU
		{26EA2F54-601F-4082-B4EB-3A2842BC5BF2}.Release|Any CPU.ActiveCfg = Release|Any CPU
		{26EA2F54-601F-4082-B4EB-3A2842BC5BF2}.Release|Any CPU.Build.0 = Release|Any CPU
		{0BC61FE9-D24F-47AB-A5EF-41C819A8E257}.Debug|Any CPU.ActiveCfg = Debug|Any CPU
		{0BC61FE9-D24F-47AB-A5EF-41C819A8E257}.Debug|Any CPU.Build.0 = Debug|Any CPU
		{0BC61FE9-D24F-47AB-A5EF-41C819A8E257}.Release|Any CPU.ActiveCfg = Release|Any CPU
		{0BC61FE9-D24F-47AB-A5EF-41C819A8E257}.Release|Any CPU.Build.0 = Release|Any CPU
	EndGlobalSection
	GlobalSection(SolutionProperties) = preSolution
		HideSolutionNode = FALSE
	EndGlobalSection
EndGlobal
